
Microsoft Visual Studio Solution File, Format Version 12.00
# Visual Studio 14
VisualStudioVersion = 14.0.25420.1
MinimumVisualStudioVersion = 10.0.40219.1
Project("{2150E333-8FDC-42A3-9474-1A3956D46DE8}") = "src", "src", "{113E5F71-24B8-4C00-AC7B-AE00DC10651C}"
EndProject
Project("{2150E333-8FDC-42A3-9474-1A3956D46DE8}") = "Solution Items", "Solution Items", "{DA4CE858-404E-491E-84F3-1AB6ADC9637F}"
	ProjectSection(SolutionItems) = preProject
		global.json = global.json
	EndProjectSection
EndProject
Project("{8BB2217D-0F2D-49D1-97BC-3654ED321F3B}") = "VouchersDataAccess", "src\VouchersNetCore\VouchersDataAccess.xproj", "{249A2B69-3330-4914-BEF8-903984EF69C1}"
EndProject
Global
	GlobalSection(SolutionConfigurationPlatforms) = preSolution
		Debug|Any CPU = Debug|Any CPU
		Release|Any CPU = Release|Any CPU
	EndGlobalSection
	GlobalSection(ProjectConfigurationPlatforms) = postSolution
		{249A2B69-3330-4914-BEF8-903984EF69C1}.Debug|Any CPU.ActiveCfg = Debug|Any CPU
		{249A2B69-3330-4914-BEF8-903984EF69C1}.Debug|Any CPU.Build.0 = Debug|Any CPU
		{249A2B69-3330-4914-BEF8-903984EF69C1}.Release|Any CPU.ActiveCfg = Release|Any CPU
		{249A2B69-3330-4914-BEF8-903984EF69C1}.Release|Any CPU.Build.0 = Release|Any CPU
	EndGlobalSection
	GlobalSection(SolutionProperties) = preSolution
		HideSolutionNode = FALSE
	EndGlobalSection
	GlobalSection(NestedProjects) = preSolution
		{249A2B69-3330-4914-BEF8-903984EF69C1} = {113E5F71-24B8-4C00-AC7B-AE00DC10651C}
	EndGlobalSection
EndGlobal
