
Microsoft Visual Studio Solution File, Format Version 12.00
# Visual Studio 15
VisualStudioVersion = 15.0.26430.14
MinimumVisualStudioVersion = 10.0.40219.1
Project("{2150E333-8FDC-42A3-9474-1A3956D46DE8}") = "src", "src", "{88437A88-6099-4075-B8AD-16835BF4FDB3}"
EndProject
Project("{2150E333-8FDC-42A3-9474-1A3956D46DE8}") = "Solution Items", "Solution Items", "{300360D3-9D4B-4294-B667-A846871C19BC}"
EndProject
Project("{2150E333-8FDC-42A3-9474-1A3956D46DE8}") = "test", "test", "{FE21062A-5BAC-4338-9886-08CB890C2D2E}"
EndProject
Project("{9A19103F-16F7-4668-BE54-9A1E7A4F7556}") = "VouchersMVC", "src\VouchersMVC\VouchersMVC.csproj", "{4F2740EC-D994-4A19-BD22-E8E73B7D2751}"
EndProject
Project("{9A19103F-16F7-4668-BE54-9A1E7A4F7556}") = "VouchersMVCTest", "VouchersMVCTest\VouchersMVCTest.csproj", "{B42A1070-0B6D-40A0-8590-B6DFFDC621BB}"
EndProject
Global
	GlobalSection(SolutionConfigurationPlatforms) = preSolution
		Debug|Any CPU = Debug|Any CPU
		Release|Any CPU = Release|Any CPU
	EndGlobalSection
	GlobalSection(ProjectConfigurationPlatforms) = postSolution
		{4F2740EC-D994-4A19-BD22-E8E73B7D2751}.Debug|Any CPU.ActiveCfg = Debug|Any CPU
		{4F2740EC-D994-4A19-BD22-E8E73B7D2751}.Debug|Any CPU.Build.0 = Debug|Any CPU
		{4F2740EC-D994-4A19-BD22-E8E73B7D2751}.Release|Any CPU.ActiveCfg = Release|Any CPU
		{4F2740EC-D994-4A19-BD22-E8E73B7D2751}.Release|Any CPU.Build.0 = Release|Any CPU
		{B42A1070-0B6D-40A0-8590-B6DFFDC621BB}.Debug|Any CPU.ActiveCfg = Debug|Any CPU
		{B42A1070-0B6D-40A0-8590-B6DFFDC621BB}.Debug|Any CPU.Build.0 = Debug|Any CPU
		{B42A1070-0B6D-40A0-8590-B6DFFDC621BB}.Release|Any CPU.ActiveCfg = Release|Any CPU
		{B42A1070-0B6D-40A0-8590-B6DFFDC621BB}.Release|Any CPU.Build.0 = Release|Any CPU
	EndGlobalSection
	GlobalSection(SolutionProperties) = preSolution
		HideSolutionNode = FALSE
	EndGlobalSection
	GlobalSection(NestedProjects) = preSolution
		{4F2740EC-D994-4A19-BD22-E8E73B7D2751} = {88437A88-6099-4075-B8AD-16835BF4FDB3}
		{B42A1070-0B6D-40A0-8590-B6DFFDC621BB} = {FE21062A-5BAC-4338-9886-08CB890C2D2E}
	EndGlobalSection
EndGlobal
