
Microsoft Visual Studio Solution File, Format Version 12.00
# Visual Studio 15
VisualStudioVersion = 15.0.26430.14
MinimumVisualStudioVersion = 10.0.40219.1
Project("{2150E333-8FDC-42A3-9474-1A3956D46DE8}") = "src", "src", "{BB0979C3-A001-43DD-B37E-F83D7965C6CA}"
EndProject
Project("{2150E333-8FDC-42A3-9474-1A3956D46DE8}") = "Solution Items", "Solution Items", "{D468D0B7-303E-4ED4-A6AE-CED058004D13}"
EndProject
Project("{9A19103F-16F7-4668-BE54-9A1E7A4F7556}") = "SimpleMVC", "src\SimpleMVC\SimpleMVC.csproj", "{1CAA2332-AECA-45B9-BC1D-15895C8AFA8B}"
EndProject
Global
	GlobalSection(SolutionConfigurationPlatforms) = preSolution
		Debug|Any CPU = Debug|Any CPU
		Release|Any CPU = Release|Any CPU
	EndGlobalSection
	GlobalSection(ProjectConfigurationPlatforms) = postSolution
		{1CAA2332-AECA-45B9-BC1D-15895C8AFA8B}.Debug|Any CPU.ActiveCfg = Debug|Any CPU
		{1CAA2332-AECA-45B9-BC1D-15895C8AFA8B}.Debug|Any CPU.Build.0 = Debug|Any CPU
		{1CAA2332-AECA-45B9-BC1D-15895C8AFA8B}.Release|Any CPU.ActiveCfg = Release|Any CPU
		{1CAA2332-AECA-45B9-BC1D-15895C8AFA8B}.Release|Any CPU.Build.0 = Release|Any CPU
	EndGlobalSection
	GlobalSection(SolutionProperties) = preSolution
		HideSolutionNode = FALSE
	EndGlobalSection
	GlobalSection(NestedProjects) = preSolution
		{1CAA2332-AECA-45B9-BC1D-15895C8AFA8B} = {BB0979C3-A001-43DD-B37E-F83D7965C6CA}
	EndGlobalSection
EndGlobal
